// !$*UTF8*$!
{
	archiveVersion = 1;
	classes = {
	};
	objectVersion = 46;
	objects = {

/* Begin PBXBuildFile section */
		CE9012691A015F3D009C845F /* main.m in Sources */ = {isa = PBXBuildFile; fileRef = CE9012681A015F3D009C845F /* main.m */; };
		CE90126C1A015F3D009C845F /* AppDelegate.m in Sources */ = {isa = PBXBuildFile; fileRef = CE90126B1A015F3D009C845F /* AppDelegate.m */; };
		CE90126F1A015F3D009C845F /* ViewController.m in Sources */ = {isa = PBXBuildFile; fileRef = CE90126E1A015F3D009C845F /* ViewController.m */; };
		CE9012721A015F3D009C845F /* Main.storyboard in Resources */ = {isa = PBXBuildFile; fileRef = CE9012701A015F3D009C845F /* Main.storyboard */; };
		CE9012741A015F3D009C845F /* Images.xcassets in Resources */ = {isa = PBXBuildFile; fileRef = CE9012731A015F3D009C845F /* Images.xcassets */; };
		CE9012771A015F3D009C845F /* LaunchScreen.xib in Resources */ = {isa = PBXBuildFile; fileRef = CE9012751A015F3D009C845F /* LaunchScreen.xib */; };
		CE9012831A015F3D009C845F /* New_HF_NavigatorTests.m in Sources */ = {isa = PBXBuildFile; fileRef = CE9012821A015F3D009C845F /* New_HF_NavigatorTests.m */; };
/* End PBXBuildFile section */

/* Begin PBXContainerItemProxy section */
		CE90127D1A015F3D009C845F /* PBXContainerItemProxy */ = {
			isa = PBXContainerItemProxy;
			containerPortal = CE90125B1A015F3D009C845F /* Project object */;
			proxyType = 1;
			remoteGlobalIDString = CE9012621A015F3D009C845F;
			remoteInfo = "New HF Navigator";
		};
/* End PBXContainerItemProxy section */

/* Begin PBXFileReference section */
		CE9012631A015F3D009C845F /* New HF Navigator.app */ = {isa = PBXFileReference; explicitFileType = wrapper.application; includeInIndex = 0; path = "New HF Navigator.app"; sourceTree = BUILT_PRODUCTS_DIR; };
		CE9012671A015F3D009C845F /* Info.plist */ = {isa = PBXFileReference; lastKnownFileType = text.plist.xml; path = Info.plist; sourceTree = "<group>"; };
		CE9012681A015F3D009C845F /* main.m */ = {isa = PBXFileReference; lastKnownFileType = sourcecode.c.objc; path = main.m; sourceTree = "<group>"; };
		CE90126A1A015F3D009C845F /* AppDelegate.h */ = {isa = PBXFileReference; lastKnownFileType = sourcecode.c.h; path = AppDelegate.h; sourceTree = "<group>"; };
		CE90126B1A015F3D009C845F /* AppDelegate.m */ = {isa = PBXFileReference; lastKnownFileType = sourcecode.c.objc; path = AppDelegate.m; sourceTree = "<group>"; };
		CE90126D1A015F3D009C845F /* ViewController.h */ = {isa = PBXFileReference; lastKnownFileType = sourcecode.c.h; path = ViewController.h; sourceTree = "<group>"; };
		CE90126E1A015F3D009C845F /* ViewController.m */ = {isa = PBXFileReference; lastKnownFileType = sourcecode.c.objc; path = ViewController.m; sourceTree = "<group>"; };
		CE9012711A015F3D009C845F /* Base */ = {isa = PBXFileReference; lastKnownFileType = file.storyboard; name = Base; path = Base.lproj/Main.storyboard; sourceTree = "<group>"; };
		CE9012731A015F3D009C845F /* Images.xcassets */ = {isa = PBXFileReference; lastKnownFileType = folder.assetcatalog; path = Images.xcassets; sourceTree = "<group>"; };
		CE9012761A015F3D009C845F /* Base */ = {isa = PBXFileReference; lastKnownFileType = file.xib; name = Base; path = Base.lproj/LaunchScreen.xib; sourceTree = "<group>"; };
		CE90127C1A015F3D009C845F /* New HF NavigatorTests.xctest */ = {isa = PBXFileReference; explicitFileType = wrapper.cfbundle; includeInIndex = 0; path = "New HF NavigatorTests.xctest"; sourceTree = BUILT_PRODUCTS_DIR; };
		CE9012811A015F3D009C845F /* Info.plist */ = {isa = PBXFileReference; lastKnownFileType = text.plist.xml; path = Info.plist; sourceTree = "<group>"; };
		CE9012821A015F3D009C845F /* New_HF_NavigatorTests.m */ = {isa = PBXFileReference; lastKnownFileType = sourcecode.c.objc; path = New_HF_NavigatorTests.m; sourceTree = "<group>"; };
/* End PBXFileReference section */

/* Begin PBXFrameworksBuildPhase section */
		CE9012601A015F3D009C845F /* Frameworks */ = {
			isa = PBXFrameworksBuildPhase;
			buildActionMask = 2147483647;
			files = (
			);
			runOnlyForDeploymentPostprocessing = 0;
		};
		CE9012791A015F3D009C845F /* Frameworks */ = {
			isa = PBXFrameworksBuildPhase;
			buildActionMask = 2147483647;
			files = (
			);
			runOnlyForDeploymentPostprocessing = 0;
		};
/* End PBXFrameworksBuildPhase section */

/* Begin PBXGroup section */
		CE90125A1A015F3D009C845F = {
			isa = PBXGroup;
			children = (
				CE9012651A015F3D009C845F /* New HF Navigator */,
				CE90127F1A015F3D009C845F /* New HF NavigatorTests */,
				CE9012641A015F3D009C845F /* Products */,
			);
			sourceTree = "<group>";
		};
		CE9012641A015F3D009C845F /* Products */ = {
			isa = PBXGroup;
			children = (
				CE9012631A015F3D009C845F /* New HF Navigator.app */,
				CE90127C1A015F3D009C845F /* New HF NavigatorTests.xctest */,
			);
			name = Products;
			sourceTree = "<group>";
		};
		CE9012651A015F3D009C845F /* New HF Navigator */ = {
			isa = PBXGroup;
			children = (
				CE90126A1A015F3D009C845F /* AppDelegate.h */,
				CE90126B1A015F3D009C845F /* AppDelegate.m */,
				CE90126D1A015F3D009C845F /* ViewController.h */,
				CE90126E1A015F3D009C845F /* ViewController.m */,
				CE9012701A015F3D009C845F /* Main.storyboard */,
				CE9012731A015F3D009C845F /* Images.xcassets */,
				CE9012751A015F3D009C845F /* LaunchScreen.xib */,
				CE9012661A015F3D009C845F /* Supporting Files */,
			);
			path = "New HF Navigator";
			sourceTree = "<group>";
		};
		CE9012661A015F3D009C845F /* Supporting Files */ = {
			isa = PBXGroup;
			children = (
				CE9012671A015F3D009C845F /* Info.plist */,
				CE9012681A015F3D009C845F /* main.m */,
			);
			name = "Supporting Files";
			sourceTree = "<group>";
		};
		CE90127F1A015F3D009C845F /* New HF NavigatorTests */ = {
			isa = PBXGroup;
			children = (
				CE9012821A015F3D009C845F /* New_HF_NavigatorTests.m */,
				CE9012801A015F3D009C845F /* Supporting Files */,
			);
			path = "New HF NavigatorTests";
			sourceTree = "<group>";
		};
		CE9012801A015F3D009C845F /* Supporting Files */ = {
			isa = PBXGroup;
			children = (
				CE9012811A015F3D009C845F /* Info.plist */,
			);
			name = "Supporting Files";
			sourceTree = "<group>";
		};
/* End PBXGroup section */

/* Begin PBXNativeTarget section */
		CE9012621A015F3D009C845F /* New HF Navigator */ = {
			isa = PBXNativeTarget;
			buildConfigurationList = CE9012861A015F3D009C845F /* Build configuration list for PBXNativeTarget "New HF Navigator" */;
			buildPhases = (
				CE90125F1A015F3D009C845F /* Sources */,
				CE9012601A015F3D009C845F /* Frameworks */,
				CE9012611A015F3D009C845F /* Resources */,
			);
			buildRules = (
			);
			dependencies = (
			);
			name = "New HF Navigator";
			productName = "New HF Navigator";
			productReference = CE9012631A015F3D009C845F /* New HF Navigator.app */;
			productType = "com.apple.product-type.application";
		};
		CE90127B1A015F3D009C845F /* New HF NavigatorTests */ = {
			isa = PBXNativeTarget;
			buildConfigurationList = CE9012891A015F3D009C845F /* Build configuration list for PBXNativeTarget "New HF NavigatorTests" */;
			buildPhases = (
				CE9012781A015F3D009C845F /* Sources */,
				CE9012791A015F3D009C845F /* Frameworks */,
				CE90127A1A015F3D009C845F /* Resources */,
			);
			buildRules = (
			);
			dependencies = (
				CE90127E1A015F3D009C845F /* PBXTargetDependency */,
			);
			name = "New HF NavigatorTests";
			productName = "New HF NavigatorTests";
			productReference = CE90127C1A015F3D009C845F /* New HF NavigatorTests.xctest */;
			productType = "com.apple.product-type.bundle.unit-test";
		};
/* End PBXNativeTarget section */

/* Begin PBXProject section */
		CE90125B1A015F3D009C845F /* Project object */ = {
			isa = PBXProject;
			attributes = {
				LastUpgradeCheck = 0600;
				ORGANIZATIONNAME = "Obsidian Developers";
				TargetAttributes = {
					CE9012621A015F3D009C845F = {
						CreatedOnToolsVersion = 6.0.1;
					};
					CE90127B1A015F3D009C845F = {
						CreatedOnToolsVersion = 6.0.1;
						TestTargetID = CE9012621A015F3D009C845F;
					};
				};
			};
			buildConfigurationList = CE90125E1A015F3D009C845F /* Build configuration list for PBXProject "New HF Navigator" */;
			compatibilityVersion = "Xcode 3.2";
			developmentRegion = English;
			hasScannedForEncodings = 0;
			knownRegions = (
				en,
				Base,
			);
			mainGroup = CE90125A1A015F3D009C845F;
			productRefGroup = CE9012641A015F3D009C845F /* Products */;
			projectDirPath = "";
			projectRoot = "";
			targets = (
				CE9012621A015F3D009C845F /* New HF Navigator */,
				CE90127B1A015F3D009C845F /* New HF NavigatorTests */,
			);
		};
/* End PBXProject section */

/* Begin PBXResourcesBuildPhase section */
		CE9012611A015F3D009C845F /* Resources */ = {
			isa = PBXResourcesBuildPhase;
			buildActionMask = 2147483647;
			files = (
				CE9012721A015F3D009C845F /* Main.storyboard in Resources */,
				CE9012771A015F3D009C845F /* LaunchScreen.xib in Resources */,
				CE9012741A015F3D009C845F /* Images.xcassets in Resources */,
			);
			runOnlyForDeploymentPostprocessing = 0;
		};
		CE90127A1A015F3D009C845F /* Resources */ = {
			isa = PBXResourcesBuildPhase;
			buildActionMask = 2147483647;
			files = (
			);
			runOnlyForDeploymentPostprocessing = 0;
		};
/* End PBXResourcesBuildPhase section */

/* Begin PBXSourcesBuildPhase section */
		CE90125F1A015F3D009C845F /* Sources */ = {
			isa = PBXSourcesBuildPhase;
			buildActionMask = 2147483647;
			files = (
				CE90126F1A015F3D009C845F /* ViewController.m in Sources */,
				CE90126C1A015F3D009C845F /* AppDelegate.m in Sources */,
				CE9012691A015F3D009C845F /* main.m in Sources */,
			);
			runOnlyForDeploymentPostprocessing = 0;
		};
		CE9012781A015F3D009C845F /* Sources */ = {
			isa = PBXSourcesBuildPhase;
			buildActionMask = 2147483647;
			files = (
				CE9012831A015F3D009C845F /* New_HF_NavigatorTests.m in Sources */,
			);
			runOnlyForDeploymentPostprocessing = 0;
		};
/* End PBXSourcesBuildPhase section */

/* Begin PBXTargetDependency section */
		CE90127E1A015F3D009C845F /* PBXTargetDependency */ = {
			isa = PBXTargetDependency;
			target = CE9012621A015F3D009C845F /* New HF Navigator */;
			targetProxy = CE90127D1A015F3D009C845F /* PBXContainerItemProxy */;
		};
/* End PBXTargetDependency section */

/* Begin PBXVariantGroup section */
		CE9012701A015F3D009C845F /* Main.storyboard */ = {
			isa = PBXVariantGroup;
			children = (
				CE9012711A015F3D009C845F /* Base */,
			);
			name = Main.storyboard;
			sourceTree = "<group>";
		};
		CE9012751A015F3D009C845F /* LaunchScreen.xib */ = {
			isa = PBXVariantGroup;
			children = (
				CE9012761A015F3D009C845F /* Base */,
			);
			name = LaunchScreen.xib;
			sourceTree = "<group>";
		};
/* End PBXVariantGroup section */

/* Begin XCBuildConfiguration section */
		CE9012841A015F3D009C845F /* Debug */ = {
			isa = XCBuildConfiguration;
			buildSettings = {
				ALWAYS_SEARCH_USER_PATHS = NO;
				CLANG_CXX_LANGUAGE_STANDARD = "gnu++0x";
				CLANG_CXX_LIBRARY = "libc++";
				CLANG_ENABLE_MODULES = YES;
				CLANG_ENABLE_OBJC_ARC = YES;
				CLANG_WARN_BOOL_CONVERSION = YES;
				CLANG_WARN_CONSTANT_CONVERSION = YES;
				CLANG_WARN_DIRECT_OBJC_ISA_USAGE = YES_ERROR;
				CLANG_WARN_EMPTY_BODY = YES;
				CLANG_WARN_ENUM_CONVERSION = YES;
				CLANG_WARN_INT_CONVERSION = YES;
				CLANG_WARN_OBJC_ROOT_CLASS = YES_ERROR;
				CLANG_WARN_UNREACHABLE_CODE = YES;
				CLANG_WARN__DUPLICATE_METHOD_MATCH = YES;
				"CODE_SIGN_IDENTITY[sdk=iphoneos*]" = "iPhone Developer";
				COPY_PHASE_STRIP = NO;
				ENABLE_STRICT_OBJC_MSGSEND = YES;
				GCC_C_LANGUAGE_STANDARD = gnu99;
				GCC_DYNAMIC_NO_PIC = NO;
				GCC_OPTIMIZATION_LEVEL = 0;
				GCC_PREPROCESSOR_DEFINITIONS = (
					"DEBUG=1",
					"$(inherited)",
				);
				GCC_SYMBOLS_PRIVATE_EXTERN = NO;
				GCC_WARN_64_TO_32_BIT_CONVERSION = YES;
				GCC_WARN_ABOUT_RETURN_TYPE = YES_ERROR;
				GCC_WARN_UNDECLARED_SELECTOR = YES;
				GCC_WARN_UNINITIALIZED_AUTOS = YES_AGGRESSIVE;
				GCC_WARN_UNUSED_FUNCTION = YES;
				GCC_WARN_UNUSED_VARIABLE = YES;
				IPHONEOS_DEPLOYMENT_TARGET = 8.0;
				MTL_ENABLE_DEBUG_INFO = YES;
				ONLY_ACTIVE_ARCH = YES;
				SDKROOT = iphoneos;
			};
			name = Debug;
		};
		CE9012851A015F3D009C845F /* Release */ = {
			isa = XCBuildConfiguration;
			buildSettings = {
				ALWAYS_SEARCH_USER_PATHS = NO;
				CLANG_CXX_LANGUAGE_STANDARD = "gnu++0x";
				CLANG_CXX_LIBRARY = "libc++";
				CLANG_ENABLE_MODULES = YES;
				CLANG_ENABLE_OBJC_ARC = YES;
				CLANG_WARN_BOOL_CONVERSION = YES;
				CLANG_WARN_CONSTANT_CONVERSION = YES;
				CLANG_WARN_DIRECT_OBJC_ISA_USAGE = YES_ERROR;
				CLANG_WARN_EMPTY_BODY = YES;
				CLANG_WARN_ENUM_CONVERSION = YES;
				CLANG_WARN_INT_CONVERSION = YES;
				CLANG_WARN_OBJC_ROOT_CLASS = YES_ERROR;
				CLANG_WARN_UNREACHABLE_CODE = YES;
				CLANG_WARN__DUPLICATE_METHOD_MATCH = YES;
				"CODE_SIGN_IDENTITY[sdk=iphoneos*]" = "iPhone Developer";
				COPY_PHASE_STRIP = YES;
				ENABLE_NS_ASSERTIONS = NO;
				ENABLE_STRICT_OBJC_MSGSEND = YES;
				GCC_C_LANGUAGE_STANDARD = gnu99;
				GCC_WARN_64_TO_32_BIT_CONVERSION = YES;
				GCC_WARN_ABOUT_RETURN_TYPE = YES_ERROR;
				GCC_WARN_UNDECLARED_SELECTOR = YES;
				GCC_WARN_UNINITIALIZED_AUTOS = YES_AGGRESSIVE;
				GCC_WARN_UNUSED_FUNCTION = YES;
				GCC_WARN_UNUSED_VARIABLE = YES;
				IPHONEOS_DEPLOYMENT_TARGET = 8.0;
				MTL_ENABLE_DEBUG_INFO = NO;
				SDKROOT = iphoneos;
				VALIDATE_PRODUCT = YES;
			};
			name = Release;
		};
		CE9012871A015F3D009C845F /* Debug */ = {
			isa = XCBuildConfiguration;
			buildSettings = {
				ASSETCATALOG_COMPILER_APPICON_NAME = AppIcon;
				INFOPLIST_FILE = "New HF Navigator/Info.plist";
				LD_RUNPATH_SEARCH_PATHS = "$(inherited) @executable_path/Frameworks";
				PRODUCT_NAME = "$(TARGET_NAME)";
			};
			name = Debug;
		};
		CE9012881A015F3D009C845F /* Release */ = {
			isa = XCBuildConfiguration;
			buildSettings = {
				ASSETCATALOG_COMPILER_APPICON_NAME = AppIcon;
				INFOPLIST_FILE = "New HF Navigator/Info.plist";
				LD_RUNPATH_SEARCH_PATHS = "$(inherited) @executable_path/Frameworks";
				PRODUCT_NAME = "$(TARGET_NAME)";
			};
			name = Release;
		};
		CE90128A1A015F3D009C845F /* Debug */ = {
			isa = XCBuildConfiguration;
			buildSettings = {
				BUNDLE_LOADER = "$(TEST_HOST)";
				FRAMEWORK_SEARCH_PATHS = (
					"$(SDKROOT)/Developer/Library/Frameworks",
					"$(inherited)",
				);
				GCC_PREPROCESSOR_DEFINITIONS = (
					"DEBUG=1",
					"$(inherited)",
				);
				INFOPLIST_FILE = "New HF NavigatorTests/Info.plist";
				LD_RUNPATH_SEARCH_PATHS = "$(inherited) @executable_path/Frameworks @loader_path/Frameworks";
				PRODUCT_NAME = "$(TARGET_NAME)";
				TEST_HOST = "$(BUILT_PRODUCTS_DIR)/New HF Navigator.app/New HF Navigator";
			};
			name = Debug;
		};
		CE90128B1A015F3D009C845F /* Release */ = {
			isa = XCBuildConfiguration;
			buildSettings = {
				BUNDLE_LOADER = "$(TEST_HOST)";
				FRAMEWORK_SEARCH_PATHS = (
					"$(SDKROOT)/Developer/Library/Frameworks",
					"$(inherited)",
				);
				INFOPLIST_FILE = "New HF NavigatorTests/Info.plist";
				LD_RUNPATH_SEARCH_PATHS = "$(inherited) @executable_path/Frameworks @loader_path/Frameworks";
				PRODUCT_NAME = "$(TARGET_NAME)";
				TEST_HOST = "$(BUILT_PRODUCTS_DIR)/New HF Navigator.app/New HF Navigator";
			};
			name = Release;
		};
/* End XCBuildConfiguration section */

/* Begin XCConfigurationList section */
		CE90125E1A015F3D009C845F /* Build configuration list for PBXProject "New HF Navigator" */ = {
			isa = XCConfigurationList;
			buildConfigurations = (
				CE9012841A015F3D009C845F /* Debug */,
				CE9012851A015F3D009C845F /* Release */,
			);
			defaultConfigurationIsVisible = 0;
			defaultConfigurationName = Release;
		};
		CE9012861A015F3D009C845F /* Build configuration list for PBXNativeTarget "New HF Navigator" */ = {
			isa = XCConfigurationList;
			buildConfigurations = (
				CE9012871A015F3D009C845F /* Debug */,
				CE9012881A015F3D009C845F /* Release */,
			);
			defaultConfigurationIsVisible = 0;
		};
		CE9012891A015F3D009C845F /* Build configuration list for PBXNativeTarget "New HF NavigatorTests" */ = {
			isa = XCConfigurationList;
			buildConfigurations = (
				CE90128A1A015F3D009C845F /* Debug */,
				CE90128B1A015F3D009C845F /* Release */,
			);
			defaultConfigurationIsVisible = 0;
		};
/* End XCConfigurationList section */
	};
	rootObject = CE90125B1A015F3D009C845F /* Project object */;
}
